
Microsoft Visual Studio Solution File, Format Version 12.00
# Visual Studio Version 16
VisualStudioVersion = 16.0.31129.286
MinimumVisualStudioVersion = 10.0.40219.1
Project("{FAE04EC0-301F-11D3-BF4B-00C04F79EFBC}") = "ProjetoDIO", "ProjetoDIO.csproj", "{70CEAD54-94A3-47EA-B89A-44C7958C6962}"
EndProject
Global
	GlobalSection(SolutionConfigurationPlatforms) = preSolution
		Debug|Any CPU = Debug|Any CPU
		Release|Any CPU = Release|Any CPU
	EndGlobalSection
	GlobalSection(ProjectConfigurationPlatforms) = postSolution
		{70CEAD54-94A3-47EA-B89A-44C7958C6962}.Debug|Any CPU.ActiveCfg = Debug|Any CPU
		{70CEAD54-94A3-47EA-B89A-44C7958C6962}.Debug|Any CPU.Build.0 = Debug|Any CPU
		{70CEAD54-94A3-47EA-B89A-44C7958C6962}.Release|Any CPU.ActiveCfg = Release|Any CPU
		{70CEAD54-94A3-47EA-B89A-44C7958C6962}.Release|Any CPU.Build.0 = Release|Any CPU
	EndGlobalSection
	GlobalSection(SolutionProperties) = preSolution
		HideSolutionNode = FALSE
	EndGlobalSection
	GlobalSection(ExtensibilityGlobals) = postSolution
		SolutionGuid = {157F3C93-CE9E-4827-A1A5-5C38142CF2C8}
	EndGlobalSection
EndGlobal
